
Microsoft Visual Studio Solution File, Format Version 12.00
# Visual Studio 15
VisualStudioVersion = 15.0.27004.2002
MinimumVisualStudioVersion = 10.0.40219.1
Project("{FAE04EC0-301F-11D3-BF4B-00C04F79EFBC}") = "WM_project_timetable", "WM_project_timetable\WM_project_timetable.csproj", "{4FB0B7CA-91FA-49E9-94C9-0CB50D104F60}"
EndProject
Global
	GlobalSection(SolutionConfigurationPlatforms) = preSolution
		Debug|Any CPU = Debug|Any CPU
		Release|Any CPU = Release|Any CPU
	EndGlobalSection
	GlobalSection(ProjectConfigurationPlatforms) = postSolution
		{4FB0B7CA-91FA-49E9-94C9-0CB50D104F60}.Debug|Any CPU.ActiveCfg = Debug|Any CPU
		{4FB0B7CA-91FA-49E9-94C9-0CB50D104F60}.Debug|Any CPU.Build.0 = Debug|Any CPU
		{4FB0B7CA-91FA-49E9-94C9-0CB50D104F60}.Release|Any CPU.ActiveCfg = Release|Any CPU
		{4FB0B7CA-91FA-49E9-94C9-0CB50D104F60}.Release|Any CPU.Build.0 = Release|Any CPU
	EndGlobalSection
	GlobalSection(SolutionProperties) = preSolution
		HideSolutionNode = FALSE
	EndGlobalSection
	GlobalSection(ExtensibilityGlobals) = postSolution
		SolutionGuid = {BC588CE5-7A35-4193-B308-E42EBC47FE98}
	EndGlobalSection
EndGlobal
